// !$*UTF8*$!
{
	archiveVersion = 1;
	classes = {
	};
	objectVersion = 55;
	objects = {

/* Begin PBXBuildFile section */
		A4E362E3289F5EDA00C1BB24 /* AppDelegate.swift in Sources */ = {isa = PBXBuildFile; fileRef = A4E362E2289F5EDA00C1BB24 /* AppDelegate.swift */; };
		A4E362E5289F5EDA00C1BB24 /* SceneDelegate.swift in Sources */ = {isa = PBXBuildFile; fileRef = A4E362E4289F5EDA00C1BB24 /* SceneDelegate.swift */; };
		A4E362E7289F5EDA00C1BB24 /* ViewController.swift in Sources */ = {isa = PBXBuildFile; fileRef = A4E362E6289F5EDA00C1BB24 /* ViewController.swift */; };
		A4E362EA289F5EDA00C1BB24 /* Main.storyboard in Resources */ = {isa = PBXBuildFile; fileRef = A4E362E8289F5EDA00C1BB24 /* Main.storyboard */; };
		A4E362ED289F5EDA00C1BB24 /* StepUp.xcdatamodeld in Sources */ = {isa = PBXBuildFile; fileRef = A4E362EB289F5EDA00C1BB24 /* StepUp.xcdatamodeld */; };
		A4E362EF289F5EDD00C1BB24 /* Assets.xcassets in Resources */ = {isa = PBXBuildFile; fileRef = A4E362EE289F5EDD00C1BB24 /* Assets.xcassets */; };
		A4E362F2289F5EDD00C1BB24 /* LaunchScreen.storyboard in Resources */ = {isa = PBXBuildFile; fileRef = A4E362F0289F5EDD00C1BB24 /* LaunchScreen.storyboard */; };
		A4E362FD289F5EDD00C1BB24 /* StepUpTests.swift in Sources */ = {isa = PBXBuildFile; fileRef = A4E362FC289F5EDD00C1BB24 /* StepUpTests.swift */; };
		A4E36307289F5EDD00C1BB24 /* StepUpUITests.swift in Sources */ = {isa = PBXBuildFile; fileRef = A4E36306289F5EDD00C1BB24 /* StepUpUITests.swift */; };
		A4E36309289F5EDD00C1BB24 /* StepUpUITestsLaunchTests.swift in Sources */ = {isa = PBXBuildFile; fileRef = A4E36308289F5EDD00C1BB24 /* StepUpUITestsLaunchTests.swift */; };
/* End PBXBuildFile section */

/* Begin PBXContainerItemProxy section */
		A4E362F9289F5EDD00C1BB24 /* PBXContainerItemProxy */ = {
			isa = PBXContainerItemProxy;
			containerPortal = A4E362D7289F5EDA00C1BB24 /* Project object */;
			proxyType = 1;
			remoteGlobalIDString = A4E362DE289F5EDA00C1BB24;
			remoteInfo = StepUp;
		};
		A4E36303289F5EDD00C1BB24 /* PBXContainerItemProxy */ = {
			isa = PBXContainerItemProxy;
			containerPortal = A4E362D7289F5EDA00C1BB24 /* Project object */;
			proxyType = 1;
			remoteGlobalIDString = A4E362DE289F5EDA00C1BB24;
			remoteInfo = StepUp;
		};
/* End PBXContainerItemProxy section */

/* Begin PBXFileReference section */
		A4E362DF289F5EDA00C1BB24 /* StepUp.app */ = {isa = PBXFileReference; explicitFileType = wrapper.application; includeInIndex = 0; path = StepUp.app; sourceTree = BUILT_PRODUCTS_DIR; };
		A4E362E2289F5EDA00C1BB24 /* AppDelegate.swift */ = {isa = PBXFileReference; lastKnownFileType = sourcecode.swift; path = AppDelegate.swift; sourceTree = "<group>"; };
		A4E362E4289F5EDA00C1BB24 /* SceneDelegate.swift */ = {isa = PBXFileReference; lastKnownFileType = sourcecode.swift; path = SceneDelegate.swift; sourceTree = "<group>"; };
		A4E362E6289F5EDA00C1BB24 /* ViewController.swift */ = {isa = PBXFileReference; lastKnownFileType = sourcecode.swift; path = ViewController.swift; sourceTree = "<group>"; };
		A4E362E9289F5EDA00C1BB24 /* Base */ = {isa = PBXFileReference; lastKnownFileType = file.storyboard; name = Base; path = Base.lproj/Main.storyboard; sourceTree = "<group>"; };
		A4E362EC289F5EDA00C1BB24 /* StepUp.xcdatamodel */ = {isa = PBXFileReference; lastKnownFileType = wrapper.xcdatamodel; path = StepUp.xcdatamodel; sourceTree = "<group>"; };
		A4E362EE289F5EDD00C1BB24 /* Assets.xcassets */ = {isa = PBXFileReference; lastKnownFileType = folder.assetcatalog; path = Assets.xcassets; sourceTree = "<group>"; };
		A4E362F1289F5EDD00C1BB24 /* Base */ = {isa = PBXFileReference; lastKnownFileType = file.storyboard; name = Base; path = Base.lproj/LaunchScreen.storyboard; sourceTree = "<group>"; };
		A4E362F3289F5EDD00C1BB24 /* Info.plist */ = {isa = PBXFileReference; lastKnownFileType = text.plist.xml; path = Info.plist; sourceTree = "<group>"; };
		A4E362F8289F5EDD00C1BB24 /* StepUpTests.xctest */ = {isa = PBXFileReference; explicitFileType = wrapper.cfbundle; includeInIndex = 0; path = StepUpTests.xctest; sourceTree = BUILT_PRODUCTS_DIR; };
		A4E362FC289F5EDD00C1BB24 /* StepUpTests.swift */ = {isa = PBXFileReference; lastKnownFileType = sourcecode.swift; path = StepUpTests.swift; sourceTree = "<group>"; };
		A4E36302289F5EDD00C1BB24 /* StepUpUITests.xctest */ = {isa = PBXFileReference; explicitFileType = wrapper.cfbundle; includeInIndex = 0; path = StepUpUITests.xctest; sourceTree = BUILT_PRODUCTS_DIR; };
		A4E36306289F5EDD00C1BB24 /* StepUpUITests.swift */ = {isa = PBXFileReference; lastKnownFileType = sourcecode.swift; path = StepUpUITests.swift; sourceTree = "<group>"; };
		A4E36308289F5EDD00C1BB24 /* StepUpUITestsLaunchTests.swift */ = {isa = PBXFileReference; lastKnownFileType = sourcecode.swift; path = StepUpUITestsLaunchTests.swift; sourceTree = "<group>"; };
/* End PBXFileReference section */

/* Begin PBXFrameworksBuildPhase section */
		A4E362DC289F5EDA00C1BB24 /* Frameworks */ = {
			isa = PBXFrameworksBuildPhase;
			buildActionMask = 2147483647;
			files = (
			);
			runOnlyForDeploymentPostprocessing = 0;
		};
		A4E362F5289F5EDD00C1BB24 /* Frameworks */ = {
			isa = PBXFrameworksBuildPhase;
			buildActionMask = 2147483647;
			files = (
			);
			runOnlyForDeploymentPostprocessing = 0;
		};
		A4E362FF289F5EDD00C1BB24 /* Frameworks */ = {
			isa = PBXFrameworksBuildPhase;
			buildActionMask = 2147483647;
			files = (
			);
			runOnlyForDeploymentPostprocessing = 0;
		};
/* End PBXFrameworksBuildPhase section */

/* Begin PBXGroup section */
		A4E362D6289F5EDA00C1BB24 = {
			isa = PBXGroup;
			children = (
				A4E362E1289F5EDA00C1BB24 /* StepUp */,
				A4E362FB289F5EDD00C1BB24 /* StepUpTests */,
				A4E36305289F5EDD00C1BB24 /* StepUpUITests */,
				A4E362E0289F5EDA00C1BB24 /* Products */,
			);
			sourceTree = "<group>";
		};
		A4E362E0289F5EDA00C1BB24 /* Products */ = {
			isa = PBXGroup;
			children = (
				A4E362DF289F5EDA00C1BB24 /* StepUp.app */,
				A4E362F8289F5EDD00C1BB24 /* StepUpTests.xctest */,
				A4E36302289F5EDD00C1BB24 /* StepUpUITests.xctest */,
			);
			name = Products;
			sourceTree = "<group>";
		};
		A4E362E1289F5EDA00C1BB24 /* StepUp */ = {
			isa = PBXGroup;
			children = (
				A4E362E2289F5EDA00C1BB24 /* AppDelegate.swift */,
				A4E362E4289F5EDA00C1BB24 /* SceneDelegate.swift */,
				A4E362E6289F5EDA00C1BB24 /* ViewController.swift */,
				A4E362E8289F5EDA00C1BB24 /* Main.storyboard */,
				A4E362EE289F5EDD00C1BB24 /* Assets.xcassets */,
				A4E362F0289F5EDD00C1BB24 /* LaunchScreen.storyboard */,
				A4E362F3289F5EDD00C1BB24 /* Info.plist */,
				A4E362EB289F5EDA00C1BB24 /* StepUp.xcdatamodeld */,
			);
			path = StepUp;
			sourceTree = "<group>";
		};
		A4E362FB289F5EDD00C1BB24 /* StepUpTests */ = {
			isa = PBXGroup;
			children = (
				A4E362FC289F5EDD00C1BB24 /* StepUpTests.swift */,
			);
			path = StepUpTests;
			sourceTree = "<group>";
		};
		A4E36305289F5EDD00C1BB24 /* StepUpUITests */ = {
			isa = PBXGroup;
			children = (
				A4E36306289F5EDD00C1BB24 /* StepUpUITests.swift */,
				A4E36308289F5EDD00C1BB24 /* StepUpUITestsLaunchTests.swift */,
			);
			path = StepUpUITests;
			sourceTree = "<group>";
		};
/* End PBXGroup section */

/* Begin PBXNativeTarget section */
		A4E362DE289F5EDA00C1BB24 /* StepUp */ = {
			isa = PBXNativeTarget;
			buildConfigurationList = A4E3630C289F5EDD00C1BB24 /* Build configuration list for PBXNativeTarget "StepUp" */;
			buildPhases = (
				A4E362DB289F5EDA00C1BB24 /* Sources */,
				A4E362DC289F5EDA00C1BB24 /* Frameworks */,
				A4E362DD289F5EDA00C1BB24 /* Resources */,
			);
			buildRules = (
			);
			dependencies = (
			);
			name = StepUp;
			productName = StepUp;
			productReference = A4E362DF289F5EDA00C1BB24 /* StepUp.app */;
			productType = "com.apple.product-type.application";
		};
		A4E362F7289F5EDD00C1BB24 /* StepUpTests */ = {
			isa = PBXNativeTarget;
			buildConfigurationList = A4E3630F289F5EDD00C1BB24 /* Build configuration list for PBXNativeTarget "StepUpTests" */;
			buildPhases = (
				A4E362F4289F5EDD00C1BB24 /* Sources */,
				A4E362F5289F5EDD00C1BB24 /* Frameworks */,
				A4E362F6289F5EDD00C1BB24 /* Resources */,
			);
			buildRules = (
			);
			dependencies = (
				A4E362FA289F5EDD00C1BB24 /* PBXTargetDependency */,
			);
			name = StepUpTests;
			productName = StepUpTests;
			productReference = A4E362F8289F5EDD00C1BB24 /* StepUpTests.xctest */;
			productType = "com.apple.product-type.bundle.unit-test";
		};
		A4E36301289F5EDD00C1BB24 /* StepUpUITests */ = {
			isa = PBXNativeTarget;
			buildConfigurationList = A4E36312289F5EDD00C1BB24 /* Build configuration list for PBXNativeTarget "StepUpUITests" */;
			buildPhases = (
				A4E362FE289F5EDD00C1BB24 /* Sources */,
				A4E362FF289F5EDD00C1BB24 /* Frameworks */,
				A4E36300289F5EDD00C1BB24 /* Resources */,
			);
			buildRules = (
			);
			dependencies = (
				A4E36304289F5EDD00C1BB24 /* PBXTargetDependency */,
			);
			name = StepUpUITests;
			productName = StepUpUITests;
			productReference = A4E36302289F5EDD00C1BB24 /* StepUpUITests.xctest */;
			productType = "com.apple.product-type.bundle.ui-testing";
		};
/* End PBXNativeTarget section */

/* Begin PBXProject section */
		A4E362D7289F5EDA00C1BB24 /* Project object */ = {
			isa = PBXProject;
			attributes = {
				BuildIndependentTargetsInParallel = 1;
				LastSwiftUpdateCheck = 1340;
				LastUpgradeCheck = 1340;
				TargetAttributes = {
					A4E362DE289F5EDA00C1BB24 = {
						CreatedOnToolsVersion = 13.4.1;
					};
					A4E362F7289F5EDD00C1BB24 = {
						CreatedOnToolsVersion = 13.4.1;
						TestTargetID = A4E362DE289F5EDA00C1BB24;
					};
					A4E36301289F5EDD00C1BB24 = {
						CreatedOnToolsVersion = 13.4.1;
						TestTargetID = A4E362DE289F5EDA00C1BB24;
					};
				};
			};
			buildConfigurationList = A4E362DA289F5EDA00C1BB24 /* Build configuration list for PBXProject "StepUp" */;
			compatibilityVersion = "Xcode 13.0";
			developmentRegion = en;
			hasScannedForEncodings = 0;
			knownRegions = (
				en,
				Base,
			);
			mainGroup = A4E362D6289F5EDA00C1BB24;
			productRefGroup = A4E362E0289F5EDA00C1BB24 /* Products */;
			projectDirPath = "";
			projectRoot = "";
			targets = (
				A4E362DE289F5EDA00C1BB24 /* StepUp */,
				A4E362F7289F5EDD00C1BB24 /* StepUpTests */,
				A4E36301289F5EDD00C1BB24 /* StepUpUITests */,
			);
		};
/* End PBXProject section */

/* Begin PBXResourcesBuildPhase section */
		A4E362DD289F5EDA00C1BB24 /* Resources */ = {
			isa = PBXResourcesBuildPhase;
			buildActionMask = 2147483647;
			files = (
				A4E362F2289F5EDD00C1BB24 /* LaunchScreen.storyboard in Resources */,
				A4E362EF289F5EDD00C1BB24 /* Assets.xcassets in Resources */,
				A4E362EA289F5EDA00C1BB24 /* Main.storyboard in Resources */,
			);
			runOnlyForDeploymentPostprocessing = 0;
		};
		A4E362F6289F5EDD00C1BB24 /* Resources */ = {
			isa = PBXResourcesBuildPhase;
			buildActionMask = 2147483647;
			files = (
			);
			runOnlyForDeploymentPostprocessing = 0;
		};
		A4E36300289F5EDD00C1BB24 /* Resources */ = {
			isa = PBXResourcesBuildPhase;
			buildActionMask = 2147483647;
			files = (
			);
			runOnlyForDeploymentPostprocessing = 0;
		};
/* End PBXResourcesBuildPhase section */

/* Begin PBXSourcesBuildPhase section */
		A4E362DB289F5EDA00C1BB24 /* Sources */ = {
			isa = PBXSourcesBuildPhase;
			buildActionMask = 2147483647;
			files = (
				A4E362ED289F5EDA00C1BB24 /* StepUp.xcdatamodeld in Sources */,
				A4E362E7289F5EDA00C1BB24 /* ViewController.swift in Sources */,
				A4E362E3289F5EDA00C1BB24 /* AppDelegate.swift in Sources */,
				A4E362E5289F5EDA00C1BB24 /* SceneDelegate.swift in Sources */,
			);
			runOnlyForDeploymentPostprocessing = 0;
		};
		A4E362F4289F5EDD00C1BB24 /* Sources */ = {
			isa = PBXSourcesBuildPhase;
			buildActionMask = 2147483647;
			files = (
				A4E362FD289F5EDD00C1BB24 /* StepUpTests.swift in Sources */,
			);
			runOnlyForDeploymentPostprocessing = 0;
		};
		A4E362FE289F5EDD00C1BB24 /* Sources */ = {
			isa = PBXSourcesBuildPhase;
			buildActionMask = 2147483647;
			files = (
				A4E36307289F5EDD00C1BB24 /* StepUpUITests.swift in Sources */,
				A4E36309289F5EDD00C1BB24 /* StepUpUITestsLaunchTests.swift in Sources */,
			);
			runOnlyForDeploymentPostprocessing = 0;
		};
/* End PBXSourcesBuildPhase section */

/* Begin PBXTargetDependency section */
		A4E362FA289F5EDD00C1BB24 /* PBXTargetDependency */ = {
			isa = PBXTargetDependency;
			target = A4E362DE289F5EDA00C1BB24 /* StepUp */;
			targetProxy = A4E362F9289F5EDD00C1BB24 /* PBXContainerItemProxy */;
		};
		A4E36304289F5EDD00C1BB24 /* PBXTargetDependency */ = {
			isa = PBXTargetDependency;
			target = A4E362DE289F5EDA00C1BB24 /* StepUp */;
			targetProxy = A4E36303289F5EDD00C1BB24 /* PBXContainerItemProxy */;
		};
/* End PBXTargetDependency section */

/* Begin PBXVariantGroup section */
		A4E362E8289F5EDA00C1BB24 /* Main.storyboard */ = {
			isa = PBXVariantGroup;
			children = (
				A4E362E9289F5EDA00C1BB24 /* Base */,
			);
			name = Main.storyboard;
			sourceTree = "<group>";
		};
		A4E362F0289F5EDD00C1BB24 /* LaunchScreen.storyboard */ = {
			isa = PBXVariantGroup;
			children = (
				A4E362F1289F5EDD00C1BB24 /* Base */,
			);
			name = LaunchScreen.storyboard;
			sourceTree = "<group>";
		};
/* End PBXVariantGroup section */

/* Begin XCBuildConfiguration section */
		A4E3630A289F5EDD00C1BB24 /* Debug */ = {
			isa = XCBuildConfiguration;
			buildSettings = {
				ALWAYS_SEARCH_USER_PATHS = NO;
				CLANG_ANALYZER_NONNULL = YES;
				CLANG_ANALYZER_NUMBER_OBJECT_CONVERSION = YES_AGGRESSIVE;
				CLANG_CXX_LANGUAGE_STANDARD = "gnu++17";
				CLANG_ENABLE_MODULES = YES;
				CLANG_ENABLE_OBJC_ARC = YES;
				CLANG_ENABLE_OBJC_WEAK = YES;
				CLANG_WARN_BLOCK_CAPTURE_AUTORELEASING = YES;
				CLANG_WARN_BOOL_CONVERSION = YES;
				CLANG_WARN_COMMA = YES;
				CLANG_WARN_CONSTANT_CONVERSION = YES;
				CLANG_WARN_DEPRECATED_OBJC_IMPLEMENTATIONS = YES;
				CLANG_WARN_DIRECT_OBJC_ISA_USAGE = YES_ERROR;
				CLANG_WARN_DOCUMENTATION_COMMENTS = YES;
				CLANG_WARN_EMPTY_BODY = YES;
				CLANG_WARN_ENUM_CONVERSION = YES;
				CLANG_WARN_INFINITE_RECURSION = YES;
				CLANG_WARN_INT_CONVERSION = YES;
				CLANG_WARN_NON_LITERAL_NULL_CONVERSION = YES;
				CLANG_WARN_OBJC_IMPLICIT_RETAIN_SELF = YES;
				CLANG_WARN_OBJC_LITERAL_CONVERSION = YES;
				CLANG_WARN_OBJC_ROOT_CLASS = YES_ERROR;
				CLANG_WARN_QUOTED_INCLUDE_IN_FRAMEWORK_HEADER = YES;
				CLANG_WARN_RANGE_LOOP_ANALYSIS = YES;
				CLANG_WARN_STRICT_PROTOTYPES = YES;
				CLANG_WARN_SUSPICIOUS_MOVE = YES;
				CLANG_WARN_UNGUARDED_AVAILABILITY = YES_AGGRESSIVE;
				CLANG_WARN_UNREACHABLE_CODE = YES;
				CLANG_WARN__DUPLICATE_METHOD_MATCH = YES;
				COPY_PHASE_STRIP = NO;
				DEBUG_INFORMATION_FORMAT = dwarf;
				ENABLE_STRICT_OBJC_MSGSEND = YES;
				ENABLE_TESTABILITY = YES;
				GCC_C_LANGUAGE_STANDARD = gnu11;
				GCC_DYNAMIC_NO_PIC = NO;
				GCC_NO_COMMON_BLOCKS = YES;
				GCC_OPTIMIZATION_LEVEL = 0;
				GCC_PREPROCESSOR_DEFINITIONS = (
					"DEBUG=1",
					"$(inherited)",
				);
				GCC_WARN_64_TO_32_BIT_CONVERSION = YES;
				GCC_WARN_ABOUT_RETURN_TYPE = YES_ERROR;
				GCC_WARN_UNDECLARED_SELECTOR = YES;
				GCC_WARN_UNINITIALIZED_AUTOS = YES_AGGRESSIVE;
				GCC_WARN_UNUSED_FUNCTION = YES;
				GCC_WARN_UNUSED_VARIABLE = YES;
				IPHONEOS_DEPLOYMENT_TARGET = 15.5;
				MTL_ENABLE_DEBUG_INFO = INCLUDE_SOURCE;
				MTL_FAST_MATH = YES;
				ONLY_ACTIVE_ARCH = YES;
				SDKROOT = iphoneos;
				SWIFT_ACTIVE_COMPILATION_CONDITIONS = DEBUG;
				SWIFT_OPTIMIZATION_LEVEL = "-Onone";
			};
			name = Debug;
		};
		A4E3630B289F5EDD00C1BB24 /* Release */ = {
			isa = XCBuildConfiguration;
			buildSettings = {
				ALWAYS_SEARCH_USER_PATHS = NO;
				CLANG_ANALYZER_NONNULL = YES;
				CLANG_ANALYZER_NUMBER_OBJECT_CONVERSION = YES_AGGRESSIVE;
				CLANG_CXX_LANGUAGE_STANDARD = "gnu++17";
				CLANG_ENABLE_MODULES = YES;
				CLANG_ENABLE_OBJC_ARC = YES;
				CLANG_ENABLE_OBJC_WEAK = YES;
				CLANG_WARN_BLOCK_CAPTURE_AUTORELEASING = YES;
				CLANG_WARN_BOOL_CONVERSION = YES;
				CLANG_WARN_COMMA = YES;
				CLANG_WARN_CONSTANT_CONVERSION = YES;
				CLANG_WARN_DEPRECATED_OBJC_IMPLEMENTATIONS = YES;
				CLANG_WARN_DIRECT_OBJC_ISA_USAGE = YES_ERROR;
				CLANG_WARN_DOCUMENTATION_COMMENTS = YES;
				CLANG_WARN_EMPTY_BODY = YES;
				CLANG_WARN_ENUM_CONVERSION = YES;
				CLANG_WARN_INFINITE_RECURSION = YES;
				CLANG_WARN_INT_CONVERSION = YES;
				CLANG_WARN_NON_LITERAL_NULL_CONVERSION = YES;
				CLANG_WARN_OBJC_IMPLICIT_RETAIN_SELF = YES;
				CLANG_WARN_OBJC_LITERAL_CONVERSION = YES;
				CLANG_WARN_OBJC_ROOT_CLASS = YES_ERROR;
				CLANG_WARN_QUOTED_INCLUDE_IN_FRAMEWORK_HEADER = YES;
				CLANG_WARN_RANGE_LOOP_ANALYSIS = YES;
				CLANG_WARN_STRICT_PROTOTYPES = YES;
				CLANG_WARN_SUSPICIOUS_MOVE = YES;
				CLANG_WARN_UNGUARDED_AVAILABILITY = YES_AGGRESSIVE;
				CLANG_WARN_UNREACHABLE_CODE = YES;
				CLANG_WARN__DUPLICATE_METHOD_MATCH = YES;
				COPY_PHASE_STRIP = NO;
				DEBUG_INFORMATION_FORMAT = "dwarf-with-dsym";
				ENABLE_NS_ASSERTIONS = NO;
				ENABLE_STRICT_OBJC_MSGSEND = YES;
				GCC_C_LANGUAGE_STANDARD = gnu11;
				GCC_NO_COMMON_BLOCKS = YES;
				GCC_WARN_64_TO_32_BIT_CONVERSION = YES;
				GCC_WARN_ABOUT_RETURN_TYPE = YES_ERROR;
				GCC_WARN_UNDECLARED_SELECTOR = YES;
				GCC_WARN_UNINITIALIZED_AUTOS = YES_AGGRESSIVE;
				GCC_WARN_UNUSED_FUNCTION = YES;
				GCC_WARN_UNUSED_VARIABLE = YES;
				IPHONEOS_DEPLOYMENT_TARGET = 15.5;
				MTL_ENABLE_DEBUG_INFO = NO;
				MTL_FAST_MATH = YES;
				SDKROOT = iphoneos;
				SWIFT_COMPILATION_MODE = wholemodule;
				SWIFT_OPTIMIZATION_LEVEL = "-O";
				VALIDATE_PRODUCT = YES;
			};
			name = Release;
		};
		A4E3630D289F5EDD00C1BB24 /* Debug */ = {
			isa = XCBuildConfiguration;
			buildSettings = {
				ASSETCATALOG_COMPILER_APPICON_NAME = AppIcon;
				ASSETCATALOG_COMPILER_GLOBAL_ACCENT_COLOR_NAME = AccentColor;
				CODE_SIGN_STYLE = Automatic;
				CURRENT_PROJECT_VERSION = 1;
				DEVELOPMENT_TEAM = 57Q4FU62M9;
				GENERATE_INFOPLIST_FILE = YES;
				INFOPLIST_FILE = StepUp/Info.plist;
				INFOPLIST_KEY_UIApplicationSupportsIndirectInputEvents = YES;
				INFOPLIST_KEY_UILaunchStoryboardName = LaunchScreen;
				INFOPLIST_KEY_UIMainStoryboardFile = Main;
				INFOPLIST_KEY_UISupportedInterfaceOrientations_iPad = "UIInterfaceOrientationPortrait UIInterfaceOrientationPortraitUpsideDown UIInterfaceOrientationLandscapeLeft UIInterfaceOrientationLandscapeRight";
				INFOPLIST_KEY_UISupportedInterfaceOrientations_iPhone = "UIInterfaceOrientationPortrait UIInterfaceOrientationLandscapeLeft UIInterfaceOrientationLandscapeRight";
				LD_RUNPATH_SEARCH_PATHS = (
					"$(inherited)",
					"@executable_path/Frameworks",
				);
				MARKETING_VERSION = 1.0;
				PRODUCT_BUNDLE_IDENTIFIER = prasiaravind.StepUp;
				PRODUCT_NAME = "$(TARGET_NAME)";
				SWIFT_EMIT_LOC_STRINGS = YES;
				SWIFT_VERSION = 5.0;
				TARGETED_DEVICE_FAMILY = "1,2";
			};
			name = Debug;
		};
		A4E3630E289F5EDD00C1BB24 /* Release */ = {
			isa = XCBuildConfiguration;
			buildSettings = {
				ASSETCATALOG_COMPILER_APPICON_NAME = AppIcon;
				ASSETCATALOG_COMPILER_GLOBAL_ACCENT_COLOR_NAME = AccentColor;
				CODE_SIGN_STYLE = Automatic;
				CURRENT_PROJECT_VERSION = 1;
				DEVELOPMENT_TEAM = 57Q4FU62M9;
				GENERATE_INFOPLIST_FILE = YES;
				INFOPLIST_FILE = StepUp/Info.plist;
				INFOPLIST_KEY_UIApplicationSupportsIndirectInputEvents = YES;
				INFOPLIST_KEY_UILaunchStoryboardName = LaunchScreen;
				INFOPLIST_KEY_UIMainStoryboardFile = Main;
				INFOPLIST_KEY_UISupportedInterfaceOrientations_iPad = "UIInterfaceOrientationPortrait UIInterfaceOrientationPortraitUpsideDown UIInterfaceOrientationLandscapeLeft UIInterfaceOrientationLandscapeRight";
				INFOPLIST_KEY_UISupportedInterfaceOrientations_iPhone = "UIInterfaceOrientationPortrait UIInterfaceOrientationLandscapeLeft UIInterfaceOrientationLandscapeRight";
				LD_RUNPATH_SEARCH_PATHS = (
					"$(inherited)",
					"@executable_path/Frameworks",
				);
				MARKETING_VERSION = 1.0;
				PRODUCT_BUNDLE_IDENTIFIER = prasiaravind.StepUp;
				PRODUCT_NAME = "$(TARGET_NAME)";
				SWIFT_EMIT_LOC_STRINGS = YES;
				SWIFT_VERSION = 5.0;
				TARGETED_DEVICE_FAMILY = "1,2";
			};
			name = Release;
		};
		A4E36310289F5EDD00C1BB24 /* Debug */ = {
			isa = XCBuildConfiguration;
			buildSettings = {
				ALWAYS_EMBED_SWIFT_STANDARD_LIBRARIES = YES;
				BUNDLE_LOADER = "$(TEST_HOST)";
				CODE_SIGN_STYLE = Automatic;
				CURRENT_PROJECT_VERSION = 1;
				DEVELOPMENT_TEAM = 57Q4FU62M9;
				GENERATE_INFOPLIST_FILE = YES;
				IPHONEOS_DEPLOYMENT_TARGET = 15.5;
				MARKETING_VERSION = 1.0;
				PRODUCT_BUNDLE_IDENTIFIER = prasiaravind.StepUpTests;
				PRODUCT_NAME = "$(TARGET_NAME)";
				SWIFT_EMIT_LOC_STRINGS = NO;
				SWIFT_VERSION = 5.0;
				TARGETED_DEVICE_FAMILY = "1,2";
				TEST_HOST = "$(BUILT_PRODUCTS_DIR)/StepUp.app/StepUp";
			};
			name = Debug;
		};
		A4E36311289F5EDD00C1BB24 /* Release */ = {
			isa = XCBuildConfiguration;
			buildSettings = {
				ALWAYS_EMBED_SWIFT_STANDARD_LIBRARIES = YES;
				BUNDLE_LOADER = "$(TEST_HOST)";
				CODE_SIGN_STYLE = Automatic;
				CURRENT_PROJECT_VERSION = 1;
				DEVELOPMENT_TEAM = 57Q4FU62M9;
				GENERATE_INFOPLIST_FILE = YES;
				IPHONEOS_DEPLOYMENT_TARGET = 15.5;
				MARKETING_VERSION = 1.0;
				PRODUCT_BUNDLE_IDENTIFIER = prasiaravind.StepUpTests;
				PRODUCT_NAME = "$(TARGET_NAME)";
				SWIFT_EMIT_LOC_STRINGS = NO;
				SWIFT_VERSION = 5.0;
				TARGETED_DEVICE_FAMILY = "1,2";
				TEST_HOST = "$(BUILT_PRODUCTS_DIR)/StepUp.app/StepUp";
			};
			name = Release;
		};
		A4E36313289F5EDD00C1BB24 /* Debug */ = {
			isa = XCBuildConfiguration;
			buildSettings = {
				ALWAYS_EMBED_SWIFT_STANDARD_LIBRARIES = YES;
				CODE_SIGN_STYLE = Automatic;
				CURRENT_PROJECT_VERSION = 1;
				DEVELOPMENT_TEAM = 57Q4FU62M9;
				GENERATE_INFOPLIST_FILE = YES;
				MARKETING_VERSION = 1.0;
				PRODUCT_BUNDLE_IDENTIFIER = prasiaravind.StepUpUITests;
				PRODUCT_NAME = "$(TARGET_NAME)";
				SWIFT_EMIT_LOC_STRINGS = NO;
				SWIFT_VERSION = 5.0;
				TARGETED_DEVICE_FAMILY = "1,2";
				TEST_TARGET_NAME = StepUp;
			};
			name = Debug;
		};
		A4E36314289F5EDD00C1BB24 /* Release */ = {
			isa = XCBuildConfiguration;
			buildSettings = {
				ALWAYS_EMBED_SWIFT_STANDARD_LIBRARIES = YES;
				CODE_SIGN_STYLE = Automatic;
				CURRENT_PROJECT_VERSION = 1;
				DEVELOPMENT_TEAM = 57Q4FU62M9;
				GENERATE_INFOPLIST_FILE = YES;
				MARKETING_VERSION = 1.0;
				PRODUCT_BUNDLE_IDENTIFIER = prasiaravind.StepUpUITests;
				PRODUCT_NAME = "$(TARGET_NAME)";
				SWIFT_EMIT_LOC_STRINGS = NO;
				SWIFT_VERSION = 5.0;
				TARGETED_DEVICE_FAMILY = "1,2";
				TEST_TARGET_NAME = StepUp;
			};
			name = Release;
		};
/* End XCBuildConfiguration section */

/* Begin XCConfigurationList section */
		A4E362DA289F5EDA00C1BB24 /* Build configuration list for PBXProject "StepUp" */ = {
			isa = XCConfigurationList;
			buildConfigurations = (
				A4E3630A289F5EDD00C1BB24 /* Debug */,
				A4E3630B289F5EDD00C1BB24 /* Release */,
			);
			defaultConfigurationIsVisible = 0;
			defaultConfigurationName = Release;
		};
		A4E3630C289F5EDD00C1BB24 /* Build configuration list for PBXNativeTarget "StepUp" */ = {
			isa = XCConfigurationList;
			buildConfigurations = (
				A4E3630D289F5EDD00C1BB24 /* Debug */,
				A4E3630E289F5EDD00C1BB24 /* Release */,
			);
			defaultConfigurationIsVisible = 0;
			defaultConfigurationName = Release;
		};
		A4E3630F289F5EDD00C1BB24 /* Build configuration list for PBXNativeTarget "StepUpTests" */ = {
			isa = XCConfigurationList;
			buildConfigurations = (
				A4E36310289F5EDD00C1BB24 /* Debug */,
				A4E36311289F5EDD00C1BB24 /* Release */,
			);
			defaultConfigurationIsVisible = 0;
			defaultConfigurationName = Release;
		};
		A4E36312289F5EDD00C1BB24 /* Build configuration list for PBXNativeTarget "StepUpUITests" */ = {
			isa = XCConfigurationList;
			buildConfigurations = (
				A4E36313289F5EDD00C1BB24 /* Debug */,
				A4E36314289F5EDD00C1BB24 /* Release */,
			);
			defaultConfigurationIsVisible = 0;
			defaultConfigurationName = Release;
		};
/* End XCConfigurationList section */

/* Begin XCVersionGroup section */
		A4E362EB289F5EDA00C1BB24 /* StepUp.xcdatamodeld */ = {
			isa = XCVersionGroup;
			children = (
				A4E362EC289F5EDA00C1BB24 /* StepUp.xcdatamodel */,
			);
			currentVersion = A4E362EC289F5EDA00C1BB24 /* StepUp.xcdatamodel */;
			path = StepUp.xcdatamodeld;
			sourceTree = "<group>";
			versionGroupType = wrapper.xcdatamodel;
		};
/* End XCVersionGroup section */
	};
	rootObject = A4E362D7289F5EDA00C1BB24 /* Project object */;
}
